
Microsoft Visual Studio Solution File, Format Version 12.00
# Visual Studio Version 16
VisualStudioVersion = 16.0.31424.327
MinimumVisualStudioVersion = 10.0.40219.1
Project("{FAE04EC0-301F-11D3-BF4B-00C04F79EFBC}") = "Entities", "Entities\Entities.csproj", "{D8641249-6B48-425E-9800-E8E5FAD89601}"
EndProject
Project("{FAE04EC0-301F-11D3-BF4B-00C04F79EFBC}") = "DataAccess", "DataAccess\DataAccess.csproj", "{02828048-82F9-46FA-8680-4200DE7A2C30}"
EndProject
Project("{FAE04EC0-301F-11D3-BF4B-00C04F79EFBC}") = "Business", "Business\Business.csproj", "{3B8DE082-A28E-436E-9F3A-79EAAC6F3CA7}"
EndProject
Project("{FAE04EC0-301F-11D3-BF4B-00C04F79EFBC}") = "ConsoleUI", "ConsoleUI\ConsoleUI.csproj", "{B6719452-95F2-46F4-8381-E130EA1CD98F}"
EndProject
Global
	GlobalSection(SolutionConfigurationPlatforms) = preSolution
		Debug|Any CPU = Debug|Any CPU
		Release|Any CPU = Release|Any CPU
	EndGlobalSection
	GlobalSection(ProjectConfigurationPlatforms) = postSolution
		{D8641249-6B48-425E-9800-E8E5FAD89601}.Debug|Any CPU.ActiveCfg = Debug|Any CPU
		{D8641249-6B48-425E-9800-E8E5FAD89601}.Debug|Any CPU.Build.0 = Debug|Any CPU
		{D8641249-6B48-425E-9800-E8E5FAD89601}.Release|Any CPU.ActiveCfg = Release|Any CPU
		{D8641249-6B48-425E-9800-E8E5FAD89601}.Release|Any CPU.Build.0 = Release|Any CPU
		{02828048-82F9-46FA-8680-4200DE7A2C30}.Debug|Any CPU.ActiveCfg = Debug|Any CPU
		{02828048-82F9-46FA-8680-4200DE7A2C30}.Debug|Any CPU.Build.0 = Debug|Any CPU
		{02828048-82F9-46FA-8680-4200DE7A2C30}.Release|Any CPU.ActiveCfg = Release|Any CPU
		{02828048-82F9-46FA-8680-4200DE7A2C30}.Release|Any CPU.Build.0 = Release|Any CPU
		{3B8DE082-A28E-436E-9F3A-79EAAC6F3CA7}.Debug|Any CPU.ActiveCfg = Debug|Any CPU
		{3B8DE082-A28E-436E-9F3A-79EAAC6F3CA7}.Debug|Any CPU.Build.0 = Debug|Any CPU
		{3B8DE082-A28E-436E-9F3A-79EAAC6F3CA7}.Release|Any CPU.ActiveCfg = Release|Any CPU
		{3B8DE082-A28E-436E-9F3A-79EAAC6F3CA7}.Release|Any CPU.Build.0 = Release|Any CPU
		{B6719452-95F2-46F4-8381-E130EA1CD98F}.Debug|Any CPU.ActiveCfg = Debug|Any CPU
		{B6719452-95F2-46F4-8381-E130EA1CD98F}.Debug|Any CPU.Build.0 = Debug|Any CPU
		{B6719452-95F2-46F4-8381-E130EA1CD98F}.Release|Any CPU.ActiveCfg = Release|Any CPU
		{B6719452-95F2-46F4-8381-E130EA1CD98F}.Release|Any CPU.Build.0 = Release|Any CPU
	EndGlobalSection
	GlobalSection(SolutionProperties) = preSolution
		HideSolutionNode = FALSE
	EndGlobalSection
	GlobalSection(ExtensibilityGlobals) = postSolution
		SolutionGuid = {E1CAB5F7-F7C8-4340-9B62-986414CBAF29}
	EndGlobalSection
EndGlobal
